
Microsoft Visual Studio Solution File, Format Version 12.00
# Visual Studio Version 17
VisualStudioVersion = 17.10.35122.118
MinimumVisualStudioVersion = 10.0.40219.1
Project("{FAE04EC0-301F-11D3-BF4B-00C04F79EFBC}") = "Feladat3VersSzavak", "Feladat3VersSzavak\Feladat3VersSzavak.csproj", "{4EDB09E9-DF31-42F8-8586-5C1173EAFF97}"
EndProject
Global
	GlobalSection(SolutionConfigurationPlatforms) = preSolution
		Debug|Any CPU = Debug|Any CPU
		Release|Any CPU = Release|Any CPU
	EndGlobalSection
	GlobalSection(ProjectConfigurationPlatforms) = postSolution
		{4EDB09E9-DF31-42F8-8586-5C1173EAFF97}.Debug|Any CPU.ActiveCfg = Debug|Any CPU
		{4EDB09E9-DF31-42F8-8586-5C1173EAFF97}.Debug|Any CPU.Build.0 = Debug|Any CPU
		{4EDB09E9-DF31-42F8-8586-5C1173EAFF97}.Release|Any CPU.ActiveCfg = Release|Any CPU
		{4EDB09E9-DF31-42F8-8586-5C1173EAFF97}.Release|Any CPU.Build.0 = Release|Any CPU
	EndGlobalSection
	GlobalSection(SolutionProperties) = preSolution
		HideSolutionNode = FALSE
	EndGlobalSection
	GlobalSection(ExtensibilityGlobals) = postSolution
		SolutionGuid = {86C8E7D5-EEC0-4236-84EC-5BB184C0F9E1}
	EndGlobalSection
EndGlobal
