
Microsoft Visual Studio Solution File, Format Version 12.00
# Visual Studio Version 17
VisualStudioVersion = 17.10.35122.118
MinimumVisualStudioVersion = 10.0.40219.1
Project("{FAE04EC0-301F-11D3-BF4B-00C04F79EFBC}") = "Feladat10Wpf", "Feladat10Wpf\Feladat10Wpf.csproj", "{2381C5B9-58CD-4CBD-89F6-D746A4080DFA}"
EndProject
Global
	GlobalSection(SolutionConfigurationPlatforms) = preSolution
		Debug|Any CPU = Debug|Any CPU
		Release|Any CPU = Release|Any CPU
	EndGlobalSection
	GlobalSection(ProjectConfigurationPlatforms) = postSolution
		{2381C5B9-58CD-4CBD-89F6-D746A4080DFA}.Debug|Any CPU.ActiveCfg = Debug|Any CPU
		{2381C5B9-58CD-4CBD-89F6-D746A4080DFA}.Debug|Any CPU.Build.0 = Debug|Any CPU
		{2381C5B9-58CD-4CBD-89F6-D746A4080DFA}.Release|Any CPU.ActiveCfg = Release|Any CPU
		{2381C5B9-58CD-4CBD-89F6-D746A4080DFA}.Release|Any CPU.Build.0 = Release|Any CPU
	EndGlobalSection
	GlobalSection(SolutionProperties) = preSolution
		HideSolutionNode = FALSE
	EndGlobalSection
	GlobalSection(ExtensibilityGlobals) = postSolution
		SolutionGuid = {FE68339B-720C-4DEB-ACFE-957B24FFDC9A}
	EndGlobalSection
EndGlobal
