
Microsoft Visual Studio Solution File, Format Version 12.00
# Visual Studio Version 17
VisualStudioVersion = 17.10.35122.118
MinimumVisualStudioVersion = 10.0.40219.1
Project("{FAE04EC0-301F-11D3-BF4B-00C04F79EFBC}") = "Feladat9LezerLoveszet", "Feladat9LezerLoveszet\Feladat9LezerLoveszet.csproj", "{033A57DC-8DCA-42F3-B71D-21E0B2B6EC59}"
EndProject
Global
	GlobalSection(SolutionConfigurationPlatforms) = preSolution
		Debug|Any CPU = Debug|Any CPU
		Release|Any CPU = Release|Any CPU
	EndGlobalSection
	GlobalSection(ProjectConfigurationPlatforms) = postSolution
		{033A57DC-8DCA-42F3-B71D-21E0B2B6EC59}.Debug|Any CPU.ActiveCfg = Debug|Any CPU
		{033A57DC-8DCA-42F3-B71D-21E0B2B6EC59}.Debug|Any CPU.Build.0 = Debug|Any CPU
		{033A57DC-8DCA-42F3-B71D-21E0B2B6EC59}.Release|Any CPU.ActiveCfg = Release|Any CPU
		{033A57DC-8DCA-42F3-B71D-21E0B2B6EC59}.Release|Any CPU.Build.0 = Release|Any CPU
	EndGlobalSection
	GlobalSection(SolutionProperties) = preSolution
		HideSolutionNode = FALSE
	EndGlobalSection
	GlobalSection(ExtensibilityGlobals) = postSolution
		SolutionGuid = {DF91BB56-2218-4294-B08C-D7A092966F46}
	EndGlobalSection
EndGlobal
