
Microsoft Visual Studio Solution File, Format Version 12.00
# Visual Studio Version 17
VisualStudioVersion = 17.10.35122.118
MinimumVisualStudioVersion = 10.0.40219.1
Project("{FAE04EC0-301F-11D3-BF4B-00C04F79EFBC}") = "SzinuszGorbe", "SzinuszGorbe\SzinuszGorbe.csproj", "{3160D00B-EAC6-40FF-AB48-485F0E328F16}"
EndProject
Global
	GlobalSection(SolutionConfigurationPlatforms) = preSolution
		Debug|Any CPU = Debug|Any CPU
		Release|Any CPU = Release|Any CPU
	EndGlobalSection
	GlobalSection(ProjectConfigurationPlatforms) = postSolution
		{3160D00B-EAC6-40FF-AB48-485F0E328F16}.Debug|Any CPU.ActiveCfg = Debug|Any CPU
		{3160D00B-EAC6-40FF-AB48-485F0E328F16}.Debug|Any CPU.Build.0 = Debug|Any CPU
		{3160D00B-EAC6-40FF-AB48-485F0E328F16}.Release|Any CPU.ActiveCfg = Release|Any CPU
		{3160D00B-EAC6-40FF-AB48-485F0E328F16}.Release|Any CPU.Build.0 = Release|Any CPU
	EndGlobalSection
	GlobalSection(SolutionProperties) = preSolution
		HideSolutionNode = FALSE
	EndGlobalSection
	GlobalSection(ExtensibilityGlobals) = postSolution
		SolutionGuid = {61FEC695-1E98-45A2-8818-0A360F46C61B}
	EndGlobalSection
EndGlobal
